<Solution>
  <Folder Name="/src/">
    <Project Path="src/SaniStock.App/SaniStock.App.csproj" />
    <Project Path="src/SaniStock.Data/SaniStock.Data.csproj" />
    <Project Path="src/SaniStock.Domain/SaniStock.Domain.csproj" />
    <Project Path="src/SaniStock.Reports/SaniStock.Reports.csproj" />
  </Folder>
  <Folder Name="/tests/">
    <Project Path="tests/SaniStock.Domain.Tests/SaniStock.Domain.Tests.csproj" />
  </Folder>
</Solution>
